
Microsoft Visual Studio Solution File, Format Version 12.00
# Visual Studio Version 17
VisualStudioVersion = 17.5.33530.505
MinimumVisualStudioVersion = 10.0.40219.1
Project("{FAE04EC0-301F-11D3-BF4B-00C04F79EFBC}") = "GME1011RedvsBlue", "GME1011RedvsBlue\GME1011RedvsBlue.csproj", "{FEE3A035-FA88-44DE-9F22-2A2550A963D8}"
EndProject
Global
	GlobalSection(SolutionConfigurationPlatforms) = preSolution
		Debug|Any CPU = Debug|Any CPU
		Release|Any CPU = Release|Any CPU
	EndGlobalSection
	GlobalSection(ProjectConfigurationPlatforms) = postSolution
		{FEE3A035-FA88-44DE-9F22-2A2550A963D8}.Debug|Any CPU.ActiveCfg = Debug|Any CPU
		{FEE3A035-FA88-44DE-9F22-2A2550A963D8}.Debug|Any CPU.Build.0 = Debug|Any CPU
		{FEE3A035-FA88-44DE-9F22-2A2550A963D8}.Release|Any CPU.ActiveCfg = Release|Any CPU
		{FEE3A035-FA88-44DE-9F22-2A2550A963D8}.Release|Any CPU.Build.0 = Release|Any CPU
	EndGlobalSection
	GlobalSection(SolutionProperties) = preSolution
		HideSolutionNode = FALSE
	EndGlobalSection
	GlobalSection(ExtensibilityGlobals) = postSolution
		SolutionGuid = {C75BF60E-C3EC-4009-B882-99C8932B1212}
	EndGlobalSection
EndGlobal
